PODS:
  - Capacitor (6.2.1):
    - CapacitorCordova
  - CapacitorCordova (6.2.1)
  - CapacitorGoogleMaps (8.0.1):
    - Capacitor
    - Google-Maps-iOS-Utils (= 6.1.0)
    - GoogleMaps (~> 9.4)
  - Google-Maps-iOS-Utils (6.1.0):
    - GoogleMaps (~> 9.0)
  - GoogleMaps (9.4.0):
    - GoogleMaps/Maps (= 9.4.0)
  - GoogleMaps/Maps (9.4.0)

DEPENDENCIES:
  - "Capacitor (from `../../node_modules/@capacitor/ios`)"
  - "CapacitorCordova (from `../../node_modules/@capacitor/ios`)"
  - "CapacitorGoogleMaps (from `../../node_modules/@capacitor/google-maps`)"

SPEC REPOS:
  trunk:
    - Google-Maps-iOS-Utils
    - GoogleMaps

EXTERNAL SOURCES:
  Capacitor:
    :path: "../../node_modules/@capacitor/ios"
  CapacitorCordova:
    :path: "../../node_modules/@capacitor/ios"
  CapacitorGoogleMaps:
    :path: "../../node_modules/@capacitor/google-maps"

SPEC CHECKSUMS:
  Capacitor: 1e0d0e7330dea9f983b50da737d8918abcf273f8
  CapacitorCordova: 8d93e14982f440181be7304aa9559ca631d77fff
  CapacitorGoogleMaps: ab32ad2cfc3b6db1699b53d6cdd641bffcef01c0
  Google-Maps-iOS-Utils: 0a484b05ed21d88c9f9ebbacb007956edd508a96
  GoogleMaps: 0608099d4870cac8754bdba9b6953db543432438

PODFILE CHECKSUM: 24d43fb55328eaeaf934db82f01c80acd0f81cf8

COCOAPODS: 1.16.2
